
Microsoft Visual Studio Solution File, Format Version 11.00
# Visual Studio 2010
Project("{F184B08F-C81C-45F6-A57F-5ABD9991F28F}") = "QQStatusLib", "QQStatus\QQStatusLib.vbproj", "{0D671C40-9642-44BD-9F16-346E056B1D4C}"
EndProject
Project("{FAE04EC0-301F-11D3-BF4B-00C04F79EFBC}") = "ConsoleApplication1", "ConsoleApplication1\ConsoleApplication1.csproj", "{42000EC0-BFD1-44F9-866B-6CAAFF967521}"
EndProject
Project("{FAE04EC0-301F-11D3-BF4B-00C04F79EFBC}") = "ConsoleApplication2", "ConsoleApplication2\ConsoleApplication2.csproj", "{7D8F3C2C-A273-4AA0-9320-C62D5F60DB31}"
EndProject
Project("{FAE04EC0-301F-11D3-BF4B-00C04F79EFBC}") = "OSUHelperLib", "OSUHelperLib\OSUHelperLib.csproj", "{3FD8FBD1-21C0-4ECB-9600-96B4CC59542E}"
EndProject
Project("{FAE04EC0-301F-11D3-BF4B-00C04F79EFBC}") = "OSUHelper", "OSUHelper\OSUHelper.csproj", "{F9BB8493-8F8D-4B3A-BCD2-551233BF40E0}"
EndProject
Global
	GlobalSection(SolutionConfigurationPlatforms) = preSolution
		Debug|Any CPU = Debug|Any CPU
		Debug|Mixed Platforms = Debug|Mixed Platforms
		Debug|x86 = Debug|x86
		Release|Any CPU = Release|Any CPU
		Release|Mixed Platforms = Release|Mixed Platforms
		Release|x86 = Release|x86
	EndGlobalSection
	GlobalSection(ProjectConfigurationPlatforms) = postSolution
		{0D671C40-9642-44BD-9F16-346E056B1D4C}.Debug|Any CPU.ActiveCfg = Debug|Any CPU
		{0D671C40-9642-44BD-9F16-346E056B1D4C}.Debug|Any CPU.Build.0 = Debug|Any CPU
		{0D671C40-9642-44BD-9F16-346E056B1D4C}.Debug|Mixed Platforms.ActiveCfg = Debug|Any CPU
		{0D671C40-9642-44BD-9F16-346E056B1D4C}.Debug|Mixed Platforms.Build.0 = Debug|Any CPU
		{0D671C40-9642-44BD-9F16-346E056B1D4C}.Debug|x86.ActiveCfg = Debug|Any CPU
		{0D671C40-9642-44BD-9F16-346E056B1D4C}.Release|Any CPU.ActiveCfg = Release|Any CPU
		{0D671C40-9642-44BD-9F16-346E056B1D4C}.Release|Any CPU.Build.0 = Release|Any CPU
		{0D671C40-9642-44BD-9F16-346E056B1D4C}.Release|Mixed Platforms.ActiveCfg = Release|Any CPU
		{0D671C40-9642-44BD-9F16-346E056B1D4C}.Release|Mixed Platforms.Build.0 = Release|Any CPU
		{0D671C40-9642-44BD-9F16-346E056B1D4C}.Release|x86.ActiveCfg = Release|Any CPU
		{42000EC0-BFD1-44F9-866B-6CAAFF967521}.Debug|Any CPU.ActiveCfg = Debug|x86
		{42000EC0-BFD1-44F9-866B-6CAAFF967521}.Debug|Mixed Platforms.ActiveCfg = Debug|x86
		{42000EC0-BFD1-44F9-866B-6CAAFF967521}.Debug|Mixed Platforms.Build.0 = Debug|x86
		{42000EC0-BFD1-44F9-866B-6CAAFF967521}.Debug|x86.ActiveCfg = Debug|x86
		{42000EC0-BFD1-44F9-866B-6CAAFF967521}.Debug|x86.Build.0 = Debug|x86
		{42000EC0-BFD1-44F9-866B-6CAAFF967521}.Release|Any CPU.ActiveCfg = Release|x86
		{42000EC0-BFD1-44F9-866B-6CAAFF967521}.Release|Mixed Platforms.ActiveCfg = Release|x86
		{42000EC0-BFD1-44F9-866B-6CAAFF967521}.Release|Mixed Platforms.Build.0 = Release|x86
		{42000EC0-BFD1-44F9-866B-6CAAFF967521}.Release|x86.ActiveCfg = Release|x86
		{42000EC0-BFD1-44F9-866B-6CAAFF967521}.Release|x86.Build.0 = Release|x86
		{7D8F3C2C-A273-4AA0-9320-C62D5F60DB31}.Debug|Any CPU.ActiveCfg = Debug|x86
		{7D8F3C2C-A273-4AA0-9320-C62D5F60DB31}.Debug|Mixed Platforms.ActiveCfg = Debug|x86
		{7D8F3C2C-A273-4AA0-9320-C62D5F60DB31}.Debug|Mixed Platforms.Build.0 = Debug|x86
		{7D8F3C2C-A273-4AA0-9320-C62D5F60DB31}.Debug|x86.ActiveCfg = Debug|x86
		{7D8F3C2C-A273-4AA0-9320-C62D5F60DB31}.Debug|x86.Build.0 = Debug|x86
		{7D8F3C2C-A273-4AA0-9320-C62D5F60DB31}.Release|Any CPU.ActiveCfg = Release|x86
		{7D8F3C2C-A273-4AA0-9320-C62D5F60DB31}.Release|Mixed Platforms.ActiveCfg = Release|x86
		{7D8F3C2C-A273-4AA0-9320-C62D5F60DB31}.Release|Mixed Platforms.Build.0 = Release|x86
		{7D8F3C2C-A273-4AA0-9320-C62D5F60DB31}.Release|x86.ActiveCfg = Release|x86
		{7D8F3C2C-A273-4AA0-9320-C62D5F60DB31}.Release|x86.Build.0 = Release|x86
		{3FD8FBD1-21C0-4ECB-9600-96B4CC59542E}.Debug|Any CPU.ActiveCfg = Debug|Any CPU
		{3FD8FBD1-21C0-4ECB-9600-96B4CC59542E}.Debug|Any CPU.Build.0 = Debug|Any CPU
		{3FD8FBD1-21C0-4ECB-9600-96B4CC59542E}.Debug|Mixed Platforms.ActiveCfg = Debug|Any CPU
		{3FD8FBD1-21C0-4ECB-9600-96B4CC59542E}.Debug|Mixed Platforms.Build.0 = Debug|Any CPU
		{3FD8FBD1-21C0-4ECB-9600-96B4CC59542E}.Debug|x86.ActiveCfg = Debug|Any CPU
		{3FD8FBD1-21C0-4ECB-9600-96B4CC59542E}.Release|Any CPU.ActiveCfg = Release|Any CPU
		{3FD8FBD1-21C0-4ECB-9600-96B4CC59542E}.Release|Any CPU.Build.0 = Release|Any CPU
		{3FD8FBD1-21C0-4ECB-9600-96B4CC59542E}.Release|Mixed Platforms.ActiveCfg = Release|Any CPU
		{3FD8FBD1-21C0-4ECB-9600-96B4CC59542E}.Release|Mixed Platforms.Build.0 = Release|Any CPU
		{3FD8FBD1-21C0-4ECB-9600-96B4CC59542E}.Release|x86.ActiveCfg = Release|Any CPU
		{F9BB8493-8F8D-4B3A-BCD2-551233BF40E0}.Debug|Any CPU.ActiveCfg = Debug|x86
		{F9BB8493-8F8D-4B3A-BCD2-551233BF40E0}.Debug|Mixed Platforms.ActiveCfg = Debug|x86
		{F9BB8493-8F8D-4B3A-BCD2-551233BF40E0}.Debug|Mixed Platforms.Build.0 = Debug|x86
		{F9BB8493-8F8D-4B3A-BCD2-551233BF40E0}.Debug|x86.ActiveCfg = Debug|x86
		{F9BB8493-8F8D-4B3A-BCD2-551233BF40E0}.Debug|x86.Build.0 = Debug|x86
		{F9BB8493-8F8D-4B3A-BCD2-551233BF40E0}.Release|Any CPU.ActiveCfg = Release|x86
		{F9BB8493-8F8D-4B3A-BCD2-551233BF40E0}.Release|Mixed Platforms.ActiveCfg = Release|x86
		{F9BB8493-8F8D-4B3A-BCD2-551233BF40E0}.Release|Mixed Platforms.Build.0 = Release|x86
		{F9BB8493-8F8D-4B3A-BCD2-551233BF40E0}.Release|x86.ActiveCfg = Release|x86
		{F9BB8493-8F8D-4B3A-BCD2-551233BF40E0}.Release|x86.Build.0 = Release|x86
	EndGlobalSection
	GlobalSection(SolutionProperties) = preSolution
		HideSolutionNode = FALSE
	EndGlobalSection
EndGlobal
